
Microsoft Visual Studio Solution File, Format Version 12.00
# Visual Studio Version 17
VisualStudioVersion = 17.0.32014.148
MinimumVisualStudioVersion = 10.0.40219.1
Project("{FAE04EC0-301F-11D3-BF4B-00C04F79EFBC}") = "SampleApp", "SampleApp\SampleApp.csproj", "{A14BDBBA-C947-4E7D-B750-5C3BF91FDA54}"
EndProject
Global
	GlobalSection(SolutionConfigurationPlatforms) = preSolution
		Debug|Any CPU = Debug|Any CPU
		Release|Any CPU = Release|Any CPU
	EndGlobalSection
	GlobalSection(ProjectConfigurationPlatforms) = postSolution
		{A14BDBBA-C947-4E7D-B750-5C3BF91FDA54}.Debug|Any CPU.ActiveCfg = Debug|Any CPU
		{A14BDBBA-C947-4E7D-B750-5C3BF91FDA54}.Debug|Any CPU.Build.0 = Debug|Any CPU
		{A14BDBBA-C947-4E7D-B750-5C3BF91FDA54}.Release|Any CPU.ActiveCfg = Release|Any CPU
		{A14BDBBA-C947-4E7D-B750-5C3BF91FDA54}.Release|Any CPU.Build.0 = Release|Any CPU
	EndGlobalSection
	GlobalSection(SolutionProperties) = preSolution
		HideSolutionNode = FALSE
	EndGlobalSection
	GlobalSection(ExtensibilityGlobals) = postSolution
		SolutionGuid = {60E74BC8-F7BF-41C2-8BEC-781ACB77AC06}
	EndGlobalSection
EndGlobal
